
Microsoft Visual Studio Solution File, Format Version 12.00
# Visual Studio 15
VisualStudioVersion = 15.0.28307.168
MinimumVisualStudioVersion = 10.0.40219.1
Project("{FAE04EC0-301F-11D3-BF4B-00C04F79EFBC}") = "WpfApp1", "WpfApp1\WpfApp1.csproj", "{F93C2958-CCB8-48C8-BB46-C537E0F60258}"
EndProject
Global
	GlobalSection(SolutionConfigurationPlatforms) = preSolution
		Debug|Any CPU = Debug|Any CPU
		Release|Any CPU = Release|Any CPU
	EndGlobalSection
	GlobalSection(ProjectConfigurationPlatforms) = postSolution
		{F93C2958-CCB8-48C8-BB46-C537E0F60258}.Debug|Any CPU.ActiveCfg = Debug|Any CPU
		{F93C2958-CCB8-48C8-BB46-C537E0F60258}.Debug|Any CPU.Build.0 = Debug|Any CPU
		{F93C2958-CCB8-48C8-BB46-C537E0F60258}.Release|Any CPU.ActiveCfg = Release|Any CPU
		{F93C2958-CCB8-48C8-BB46-C537E0F60258}.Release|Any CPU.Build.0 = Release|Any CPU
	EndGlobalSection
	GlobalSection(SolutionProperties) = preSolution
		HideSolutionNode = FALSE
	EndGlobalSection
	GlobalSection(ExtensibilityGlobals) = postSolution
		SolutionGuid = {B3DDBF43-1D8A-49FF-8B4F-555DD1BDD959}
	EndGlobalSection
EndGlobal
